<?xml version="1.0" encoding="UTF-8" standalone="yes" ?>
<CodeBlocks_project_file>
	<FileVersion major="1" minor="6" />
	<Project>
		<Option title="connexppIAsm" />
		<Option pch_mode="2" />
		<Option compiler="gcc" />
		<Build>
			<Target title="Debug">
				<Option output="bin/Debug/connexppAsm" prefix_auto="1" extension_auto="1" />
				<Option object_output="obj/Debug/" />
				<Option type="1" />
				<Option compiler="gcc" />
				<Option parameters="--csimulation" />
				<Compiler>
					<Add option="-g" />
					<Add directory="include" />
					<Add directory="include/util" />
				</Compiler>
				<Linker>
					<Add library="lib\opincaa.a" />
					<Add directory="M:/xillinux/ConnexRepoArh/CONNEX_SIFT/software/connex/connexppIAsm/lib/" />
				</Linker>
			</Target>
			<Target title="Release">
				<Option output="bin/Release/connexppAsm" prefix_auto="1" extension_auto="1" />
				<Option object_output="obj/Release/" />
				<Option type="1" />
				<Option compiler="gcc" />
				<Option parameters="--csimulation" />
				<Compiler>
					<Add option="-O3" />
				</Compiler>
				<Linker>
					<Add option="-s" />
					<Add library="lib\opincaa.a" />
					<Add directory="M:/xillinux/ConnexRepoArh/CONNEX_SIFT/software/connex/connexppIAsm/lib/" />
				</Linker>
			</Target>
		</Build>
		<Compiler>
			<Add option="-Wall" />
			<Add option="-fexceptions" />
		</Compiler>
		<Unit filename="ideascode.txt" />
		<Unit filename="include/core/cnxvector.h" />
		<Unit filename="include/core/cnxvector_errors.h" />
		<Unit filename="include/core/cnxvector_registers.h" />
		<Unit filename="include/core/io_unit.h" />
		<Unit filename="include/core/opcodes.h" />
		<Unit filename="include/test/basic_match_tests.h" />
		<Unit filename="include/test/crypto/aes/aes_cpu_tests.h" />
		<Unit filename="include/test/crypto/aes/aes_tests.h" />
		<Unit filename="include/test/icc_simple_tests.h" />
		<Unit filename="include/test/max_tests.h" />
		<Unit filename="include/test/simple_io_tests.h" />
		<Unit filename="include/test/simple_tests.h" />
		<Unit filename="include/test/speed_tests.h" />
		<Unit filename="include/util/kernel_acc.h" />
		<Unit filename="include/util/timing.h" />
		<Unit filename="include/util/utils.h" />
		<Unit filename="src/main.cpp" />
		<Unit filename="src/test/basic_match_tests.cpp" />
		<Unit filename="src/test/crypto/AES/aes_cpu_tests.cpp" />
		<Unit filename="src/test/crypto/AES/aes_tests.cpp" />
		<Unit filename="src/test/icc_simple_tests.cpp" />
		<Unit filename="src/test/max_tests.cpp" />
		<Extensions>
			<code_completion />
			<envvars />
			<debugger />
			<lib_finder disable_auto="1" />
			<DoxyBlocks>
				<comment_style block="0" line="0" />
				<doxyfile_project />
				<doxyfile_build />
				<doxyfile_warnings />
				<doxyfile_output />
				<doxyfile_dot />
				<general />
			</DoxyBlocks>
		</Extensions>
	</Project>
</CodeBlocks_project_file>
