<?xml version="1.0" encoding="UTF-8" standalone="yes" ?>
<CodeBlocks_project_file>
	<FileVersion major="1" minor="6" />
	<Project>
		<Option title="connexppIAsm" />
		<Option pch_mode="2" />
		<Option compiler="gcc" />
		<Build>
			<Target title="Debug">
				<Option output="bin/Debug/connexppAsm" prefix_auto="1" extension_auto="1" />
				<Option object_output="obj/Debug/" />
				<Option type="1" />
				<Option compiler="gcc" />
				<Option parameters="--csimulation" />
				<Compiler>
					<Add option="-g" />
				</Compiler>
			</Target>
			<Target title="Release">
				<Option output="bin/Release/connexppAsm" prefix_auto="1" extension_auto="1" />
				<Option object_output="obj/Release/" />
				<Option type="1" />
				<Option compiler="gcc" />
				<Option parameters="--csimulation" />
				<Compiler>
					<Add option="-O2" />
				</Compiler>
				<Linker>
					<Add option="-s" />
				</Linker>
			</Target>
		</Build>
		<Compiler>
			<Add option="-Wall" />
			<Add option="-fexceptions" />
		</Compiler>
		<Unit filename="include/c_simu/c_simulator.h" />
		<Unit filename="include/core/io_unit.h" />
		<Unit filename="include/core/opcodes.h" />
		<Unit filename="include/core/vector.h" />
		<Unit filename="include/core/vector_errors.h" />
		<Unit filename="include/core/vector_registers.h" />
		<Unit filename="include/simple_tests.h" />
		<Unit filename="include/speed_tests.h" />
		<Unit filename="include/utils.h" />
		<Unit filename="main.cpp" />
		<Unit filename="src/c_simu/c_simulator.cpp" />
		<Unit filename="src/c_simu/de_asm.cpp" />
		<Unit filename="src/core/io_unit.cpp" />
		<Unit filename="src/core/vector.cpp" />
		<Unit filename="src/core/vector_errors.cpp" />
		<Unit filename="src/core/vector_registers.cpp" />
		<Unit filename="src/simple_tests.cpp" />
		<Unit filename="src/speed_tests.cpp" />
		<Unit filename="src/utils.cpp" />
		<Extensions>
			<code_completion />
			<envvars />
			<debugger />
			<lib_finder disable_auto="1" />
			<DoxyBlocks>
				<comment_style block="0" line="0" />
				<doxyfile_project />
				<doxyfile_build />
				<doxyfile_warnings />
				<doxyfile_output />
				<doxyfile_dot />
				<general />
			</DoxyBlocks>
		</Extensions>
	</Project>
</CodeBlocks_project_file>
