
Microsoft Visual Studio Solution File, Format Version 12.00
# Visual Studio 2012
Project("{8BC9CEB8-8B4A-11D0-8D11-00A0C91BC942}") = "libopincaa", "libopincaa.vcxproj", "{B390685B-E226-479F-8DF3-1850FAD2394D}"
EndProject
Project("{8BC9CEB8-8B4A-11D0-8D11-00A0C91BC942}") = "connexppAsm", "connexppAsm.vcxproj", "{D27CF249-017C-4EEA-9527-03596316A30C}"
EndProject
Project("{8BC9CEB8-8B4A-11D0-8D11-00A0C91BC942}") = "cppamp", "C:\Users\Calin\Documents\Visual Studio 2012\Projects\cppamp\cppamp\cppamp.vcxproj", "{C486BF10-EB7E-4977-9DE1-02DE6A642F74}"
EndProject
Global
	GlobalSection(SolutionConfigurationPlatforms) = preSolution
		Debug|Win32 = Debug|Win32
		Release|Win32 = Release|Win32
	EndGlobalSection
	GlobalSection(ProjectConfigurationPlatforms) = postSolution
		{B390685B-E226-479F-8DF3-1850FAD2394D}.Debug|Win32.ActiveCfg = Debug|Win32
		{B390685B-E226-479F-8DF3-1850FAD2394D}.Debug|Win32.Build.0 = Debug|Win32
		{B390685B-E226-479F-8DF3-1850FAD2394D}.Release|Win32.ActiveCfg = Release|Win32
		{B390685B-E226-479F-8DF3-1850FAD2394D}.Release|Win32.Build.0 = Release|Win32
		{D27CF249-017C-4EEA-9527-03596316A30C}.Debug|Win32.ActiveCfg = Debug|Win32
		{D27CF249-017C-4EEA-9527-03596316A30C}.Debug|Win32.Build.0 = Debug|Win32
		{D27CF249-017C-4EEA-9527-03596316A30C}.Release|Win32.ActiveCfg = Release|Win32
		{D27CF249-017C-4EEA-9527-03596316A30C}.Release|Win32.Build.0 = Release|Win32
		{C486BF10-EB7E-4977-9DE1-02DE6A642F74}.Debug|Win32.ActiveCfg = Debug|Win32
		{C486BF10-EB7E-4977-9DE1-02DE6A642F74}.Debug|Win32.Build.0 = Debug|Win32
		{C486BF10-EB7E-4977-9DE1-02DE6A642F74}.Release|Win32.ActiveCfg = Release|Win32
		{C486BF10-EB7E-4977-9DE1-02DE6A642F74}.Release|Win32.Build.0 = Release|Win32
	EndGlobalSection
	GlobalSection(SolutionProperties) = preSolution
		HideSolutionNode = FALSE
	EndGlobalSection
EndGlobal
